
Microsoft Visual Studio Solution File, Format Version 12.00
# Visual Studio Version 17
VisualStudioVersion = 17.14.36623.8 d17.14
MinimumVisualStudioVersion = 10.0.40219.1
Project("{FAE04EC0-301F-11D3-BF4B-00C04F79EFBC}") = "Lab8", "Lab8\Lab8.csproj", "{675206C3-437B-4F7D-9E61-3DFE1EE9E0DE}"
EndProject
Global
	GlobalSection(SolutionConfigurationPlatforms) = preSolution
		Debug|Any CPU = Debug|Any CPU
		Release|Any CPU = Release|Any CPU
	EndGlobalSection
	GlobalSection(ProjectConfigurationPlatforms) = postSolution
		{675206C3-437B-4F7D-9E61-3DFE1EE9E0DE}.Debug|Any CPU.ActiveCfg = Debug|Any CPU
		{675206C3-437B-4F7D-9E61-3DFE1EE9E0DE}.Debug|Any CPU.Build.0 = Debug|Any CPU
		{675206C3-437B-4F7D-9E61-3DFE1EE9E0DE}.Release|Any CPU.ActiveCfg = Release|Any CPU
		{675206C3-437B-4F7D-9E61-3DFE1EE9E0DE}.Release|Any CPU.Build.0 = Release|Any CPU
	EndGlobalSection
	GlobalSection(SolutionProperties) = preSolution
		HideSolutionNode = FALSE
	EndGlobalSection
	GlobalSection(ExtensibilityGlobals) = postSolution
		SolutionGuid = {CDD595F8-33D1-4FC1-8D1B-C1297385DC40}
	EndGlobalSection
EndGlobal
