
Microsoft Visual Studio Solution File, Format Version 12.00
# Visual Studio Version 17
VisualStudioVersion = 17.13.35825.156
MinimumVisualStudioVersion = 10.0.40219.1
Project("{FAE04EC0-301F-11D3-BF4B-00C04F79EFBC}") = "Lab3", "Lab3\Lab3.csproj", "{4BA89BC9-A658-426C-9B17-B99832F582ED}"
EndProject
Global
	GlobalSection(SolutionConfigurationPlatforms) = preSolution
		Debug|Any CPU = Debug|Any CPU
		Release|Any CPU = Release|Any CPU
	EndGlobalSection
	GlobalSection(ProjectConfigurationPlatforms) = postSolution
		{4BA89BC9-A658-426C-9B17-B99832F582ED}.Debug|Any CPU.ActiveCfg = Debug|Any CPU
		{4BA89BC9-A658-426C-9B17-B99832F582ED}.Debug|Any CPU.Build.0 = Debug|Any CPU
		{4BA89BC9-A658-426C-9B17-B99832F582ED}.Release|Any CPU.ActiveCfg = Release|Any CPU
		{4BA89BC9-A658-426C-9B17-B99832F582ED}.Release|Any CPU.Build.0 = Release|Any CPU
	EndGlobalSection
	GlobalSection(SolutionProperties) = preSolution
		HideSolutionNode = FALSE
	EndGlobalSection
	GlobalSection(ExtensibilityGlobals) = postSolution
		SolutionGuid = {C132817E-E7F8-4832-B669-824BE0C286EE}
	EndGlobalSection
EndGlobal
