
Microsoft Visual Studio Solution File, Format Version 12.00
# Visual Studio Version 17
VisualStudioVersion = 17.13.35818.85
MinimumVisualStudioVersion = 10.0.40219.1
Project("{FAE04EC0-301F-11D3-BF4B-00C04F79EFBC}") = "lab2", "lab2.csproj", "{48FA29D0-E9A2-451C-9D5E-C6A9AC367207}"
EndProject
Global
	GlobalSection(SolutionConfigurationPlatforms) = preSolution
		Debug|Any CPU = Debug|Any CPU
		Release|Any CPU = Release|Any CPU
	EndGlobalSection
	GlobalSection(ProjectConfigurationPlatforms) = postSolution
		{48FA29D0-E9A2-451C-9D5E-C6A9AC367207}.Debug|Any CPU.ActiveCfg = Debug|Any CPU
		{48FA29D0-E9A2-451C-9D5E-C6A9AC367207}.Debug|Any CPU.Build.0 = Debug|Any CPU
		{48FA29D0-E9A2-451C-9D5E-C6A9AC367207}.Release|Any CPU.ActiveCfg = Release|Any CPU
		{48FA29D0-E9A2-451C-9D5E-C6A9AC367207}.Release|Any CPU.Build.0 = Release|Any CPU
	EndGlobalSection
	GlobalSection(SolutionProperties) = preSolution
		HideSolutionNode = FALSE
	EndGlobalSection
	GlobalSection(ExtensibilityGlobals) = postSolution
		SolutionGuid = {C4C64AEA-D87E-4986-9D0D-B283F12182AB}
	EndGlobalSection
EndGlobal
