
Microsoft Visual Studio Solution File, Format Version 12.00
# Visual Studio Version 17
VisualStudioVersion = 17.14.36616.10 d17.14
MinimumVisualStudioVersion = 10.0.40219.1
Project("{FAE04EC0-301F-11D3-BF4B-00C04F79EFBC}") = "Lab1", "Lab1\Lab1.csproj", "{F9AB038E-C13C-4056-A49B-EE7C795BEC75}"
EndProject
Global
	GlobalSection(SolutionConfigurationPlatforms) = preSolution
		Debug|Any CPU = Debug|Any CPU
		Release|Any CPU = Release|Any CPU
	EndGlobalSection
	GlobalSection(ProjectConfigurationPlatforms) = postSolution
		{F9AB038E-C13C-4056-A49B-EE7C795BEC75}.Debug|Any CPU.ActiveCfg = Debug|Any CPU
		{F9AB038E-C13C-4056-A49B-EE7C795BEC75}.Debug|Any CPU.Build.0 = Debug|Any CPU
		{F9AB038E-C13C-4056-A49B-EE7C795BEC75}.Release|Any CPU.ActiveCfg = Release|Any CPU
		{F9AB038E-C13C-4056-A49B-EE7C795BEC75}.Release|Any CPU.Build.0 = Release|Any CPU
	EndGlobalSection
	GlobalSection(SolutionProperties) = preSolution
		HideSolutionNode = FALSE
	EndGlobalSection
	GlobalSection(ExtensibilityGlobals) = postSolution
		SolutionGuid = {29F1C9B8-8381-4ED9-8D2F-CE5293E33C55}
	EndGlobalSection
EndGlobal
