
Microsoft Visual Studio Solution File, Format Version 12.00
# Visual Studio Version 17
VisualStudioVersion = 17.13.35825.156 d17.13
MinimumVisualStudioVersion = 10.0.40219.1
Project("{FAE04EC0-301F-11D3-BF4B-00C04F79EFBC}") = "Lab4", "Lab4\Lab4.csproj", "{703E255F-343E-448A-B239-BA3BDF5F4136}"
EndProject
Global
	GlobalSection(SolutionConfigurationPlatforms) = preSolution
		Debug|Any CPU = Debug|Any CPU
		Release|Any CPU = Release|Any CPU
	EndGlobalSection
	GlobalSection(ProjectConfigurationPlatforms) = postSolution
		{703E255F-343E-448A-B239-BA3BDF5F4136}.Debug|Any CPU.ActiveCfg = Debug|Any CPU
		{703E255F-343E-448A-B239-BA3BDF5F4136}.Debug|Any CPU.Build.0 = Debug|Any CPU
		{703E255F-343E-448A-B239-BA3BDF5F4136}.Release|Any CPU.ActiveCfg = Release|Any CPU
		{703E255F-343E-448A-B239-BA3BDF5F4136}.Release|Any CPU.Build.0 = Release|Any CPU
	EndGlobalSection
	GlobalSection(SolutionProperties) = preSolution
		HideSolutionNode = FALSE
	EndGlobalSection
	GlobalSection(ExtensibilityGlobals) = postSolution
		SolutionGuid = {AA615353-87EB-4233-B7BB-07BD644FD04A}
	EndGlobalSection
EndGlobal
